
Microsoft Visual Studio Solution File, Format Version 12.00
# Visual Studio Version 17
VisualStudioVersion = 17.8.34408.163
MinimumVisualStudioVersion = 10.0.40219.1
Project("{FAE04EC0-301F-11D3-BF4B-00C04F79EFBC}") = "FileTransferServer", "FileTransferServer\FileTransferServer.csproj", "{19D7871D-79B9-4587-9F93-0BCAE65116A1}"
EndProject
Project("{FAE04EC0-301F-11D3-BF4B-00C04F79EFBC}") = "FileTransferClient", "FileTransferClient\FileTransferClient.csproj", "{15A42EB2-543B-4A4B-8560-A4E7990810A7}"
EndProject
Global
	GlobalSection(SolutionConfigurationPlatforms) = preSolution
		Debug|Any CPU = Debug|Any CPU
		Release|Any CPU = Release|Any CPU
	EndGlobalSection
	GlobalSection(ProjectConfigurationPlatforms) = postSolution
		{19D7871D-79B9-4587-9F93-0BCAE65116A1}.Debug|Any CPU.ActiveCfg = Debug|Any CPU
		{19D7871D-79B9-4587-9F93-0BCAE65116A1}.Debug|Any CPU.Build.0 = Debug|Any CPU
		{19D7871D-79B9-4587-9F93-0BCAE65116A1}.Release|Any CPU.ActiveCfg = Release|Any CPU
		{19D7871D-79B9-4587-9F93-0BCAE65116A1}.Release|Any CPU.Build.0 = Release|Any CPU
		{15A42EB2-543B-4A4B-8560-A4E7990810A7}.Debug|Any CPU.ActiveCfg = Debug|Any CPU
		{15A42EB2-543B-4A4B-8560-A4E7990810A7}.Debug|Any CPU.Build.0 = Debug|Any CPU
		{15A42EB2-543B-4A4B-8560-A4E7990810A7}.Release|Any CPU.ActiveCfg = Release|Any CPU
		{15A42EB2-543B-4A4B-8560-A4E7990810A7}.Release|Any CPU.Build.0 = Release|Any CPU
	EndGlobalSection
	GlobalSection(SolutionProperties) = preSolution
		HideSolutionNode = FALSE
	EndGlobalSection
	GlobalSection(ExtensibilityGlobals) = postSolution
		SolutionGuid = {DB548711-998F-406C-BBED-BDA0EF7A86F9}
	EndGlobalSection
EndGlobal
