
Microsoft Visual Studio Solution File, Format Version 12.00
# Visual Studio Version 17
VisualStudioVersion = 17.8.34408.163
MinimumVisualStudioVersion = 10.0.40219.1
Project("{9A19103F-16F7-4668-BE54-9A1E7A4F7556}") = "FileTransferServer", "FileTransferServer\FileTransferServer.csproj", "{19D7871D-79B9-4587-9F93-0BCAE65116A1}"
EndProject
Project("{9A19103F-16F7-4668-BE54-9A1E7A4F7556}") = "FileTransferClient", "FileTransferClient\FileTransferClient.csproj", "{CC3C18A5-3799-448C-8DF5-8C0B1520099E}"
EndProject
Global
	GlobalSection(SolutionConfigurationPlatforms) = preSolution
		Debug|Any CPU = Debug|Any CPU
		Release|Any CPU = Release|Any CPU
	EndGlobalSection
	GlobalSection(ProjectConfigurationPlatforms) = postSolution
		{19D7871D-79B9-4587-9F93-0BCAE65116A1}.Debug|Any CPU.ActiveCfg = Debug|Any CPU
		{19D7871D-79B9-4587-9F93-0BCAE65116A1}.Debug|Any CPU.Build.0 = Debug|Any CPU
		{19D7871D-79B9-4587-9F93-0BCAE65116A1}.Release|Any CPU.ActiveCfg = Release|Any CPU
		{19D7871D-79B9-4587-9F93-0BCAE65116A1}.Release|Any CPU.Build.0 = Release|Any CPU
		{CC3C18A5-3799-448C-8DF5-8C0B1520099E}.Debug|Any CPU.ActiveCfg = Debug|Any CPU
		{CC3C18A5-3799-448C-8DF5-8C0B1520099E}.Debug|Any CPU.Build.0 = Debug|Any CPU
		{CC3C18A5-3799-448C-8DF5-8C0B1520099E}.Release|Any CPU.ActiveCfg = Release|Any CPU
		{CC3C18A5-3799-448C-8DF5-8C0B1520099E}.Release|Any CPU.Build.0 = Release|Any CPU
	EndGlobalSection
	GlobalSection(SolutionProperties) = preSolution
		HideSolutionNode = FALSE
	EndGlobalSection
	GlobalSection(ExtensibilityGlobals) = postSolution
		SolutionGuid = {DB548711-998F-406C-BBED-BDA0EF7A86F9}
	EndGlobalSection
EndGlobal
